
Microsoft Visual Studio Solution File, Format Version 12.00
Project("{FAE04EC0-301F-11D3-BF4B-00C04F79EFBC}") = "xmltests", "xmltests.csproj", "{3DC0CCE4-88D6-4F18-B6D2-D7929FA548ED}"
EndProject
Project("{FAE04EC0-301F-11D3-BF4B-00C04F79EFBC}") = "UnitTests", "..\UnitTests\UnitTests.csproj", "{D3D1407E-C79B-4CBB-8293-CDE5E5C21FAE}"
EndProject
Global
	GlobalSection(SolutionConfigurationPlatforms) = preSolution
		Debug|Any CPU = Debug|Any CPU
		Release|Any CPU = Release|Any CPU
	EndGlobalSection
	GlobalSection(ProjectConfigurationPlatforms) = postSolution
		{3DC0CCE4-88D6-4F18-B6D2-D7929FA548ED}.Debug|Any CPU.ActiveCfg = Debug|Any CPU
		{3DC0CCE4-88D6-4F18-B6D2-D7929FA548ED}.Debug|Any CPU.Build.0 = Debug|Any CPU
		{3DC0CCE4-88D6-4F18-B6D2-D7929FA548ED}.Release|Any CPU.ActiveCfg = Release|Any CPU
		{3DC0CCE4-88D6-4F18-B6D2-D7929FA548ED}.Release|Any CPU.Build.0 = Release|Any CPU
		{D3D1407E-C79B-4CBB-8293-CDE5E5C21FAE}.Debug|Any CPU.ActiveCfg = Debug|Any CPU
		{D3D1407E-C79B-4CBB-8293-CDE5E5C21FAE}.Debug|Any CPU.Build.0 = Debug|Any CPU
		{D3D1407E-C79B-4CBB-8293-CDE5E5C21FAE}.Release|Any CPU.ActiveCfg = Release|Any CPU
		{D3D1407E-C79B-4CBB-8293-CDE5E5C21FAE}.Release|Any CPU.Build.0 = Release|Any CPU
	EndGlobalSection
EndGlobal
